
Microsoft Visual Studio Solution File, Format Version 12.00
# Visual Studio Version 17
VisualStudioVersion = 17.9.34728.123
MinimumVisualStudioVersion = 10.0.40219.1
Project("{FAE04EC0-301F-11D3-BF4B-00C04F79EFBC}") = "CRUDWithFeature", "CRUDWithFeature\CRUDWithFeature.csproj", "{99070E5C-0B99-4AB3-A2FB-E156B0A27B95}"
EndProject
Global
	GlobalSection(SolutionConfigurationPlatforms) = preSolution
		Debug|Any CPU = Debug|Any CPU
		Release|Any CPU = Release|Any CPU
	EndGlobalSection
	GlobalSection(ProjectConfigurationPlatforms) = postSolution
		{99070E5C-0B99-4AB3-A2FB-E156B0A27B95}.Debug|Any CPU.ActiveCfg = Debug|Any CPU
		{99070E5C-0B99-4AB3-A2FB-E156B0A27B95}.Debug|Any CPU.Build.0 = Debug|Any CPU
		{99070E5C-0B99-4AB3-A2FB-E156B0A27B95}.Release|Any CPU.ActiveCfg = Release|Any CPU
		{99070E5C-0B99-4AB3-A2FB-E156B0A27B95}.Release|Any CPU.Build.0 = Release|Any CPU
	EndGlobalSection
	GlobalSection(SolutionProperties) = preSolution
		HideSolutionNode = FALSE
	EndGlobalSection
	GlobalSection(ExtensibilityGlobals) = postSolution
		SolutionGuid = {104D7D81-F8CA-4E3A-90C1-01C6DB72C755}
	EndGlobalSection
EndGlobal
