
Microsoft Visual Studio Solution File, Format Version 12.00
# Visual Studio Version 17
VisualStudioVersion = 17.9.34728.123
MinimumVisualStudioVersion = 10.0.40219.1
Project("{FAE04EC0-301F-11D3-BF4B-00C04F79EFBC}") = "CRUD", "CRUD\CRUD.csproj", "{602CF918-45B9-478E-909F-ED8D2C9B3F26}"
EndProject
Global
	GlobalSection(SolutionConfigurationPlatforms) = preSolution
		Debug|Any CPU = Debug|Any CPU
		Release|Any CPU = Release|Any CPU
	EndGlobalSection
	GlobalSection(ProjectConfigurationPlatforms) = postSolution
		{602CF918-45B9-478E-909F-ED8D2C9B3F26}.Debug|Any CPU.ActiveCfg = Debug|Any CPU
		{602CF918-45B9-478E-909F-ED8D2C9B3F26}.Debug|Any CPU.Build.0 = Debug|Any CPU
		{602CF918-45B9-478E-909F-ED8D2C9B3F26}.Release|Any CPU.ActiveCfg = Release|Any CPU
		{602CF918-45B9-478E-909F-ED8D2C9B3F26}.Release|Any CPU.Build.0 = Release|Any CPU
	EndGlobalSection
	GlobalSection(SolutionProperties) = preSolution
		HideSolutionNode = FALSE
	EndGlobalSection
	GlobalSection(ExtensibilityGlobals) = postSolution
		SolutionGuid = {ABD417AD-0076-4B8E-903D-38FBBDAD19A6}
	EndGlobalSection
EndGlobal
