
Microsoft Visual Studio Solution File, Format Version 12.00
# Visual Studio Version 17
VisualStudioVersion = 17.9.34728.123
MinimumVisualStudioVersion = 10.0.40219.1
Project("{FAE04EC0-301F-11D3-BF4B-00C04F79EFBC}") = "EFTaskTwo-CRUD", "EFTaskTwo-CRUD.csproj", "{1E6A3EAF-D22B-45E5-BC7B-8C274C9AD765}"
EndProject
Global
	GlobalSection(SolutionConfigurationPlatforms) = preSolution
		Debug|Any CPU = Debug|Any CPU
		Release|Any CPU = Release|Any CPU
	EndGlobalSection
	GlobalSection(ProjectConfigurationPlatforms) = postSolution
		{1E6A3EAF-D22B-45E5-BC7B-8C274C9AD765}.Debug|Any CPU.ActiveCfg = Debug|Any CPU
		{1E6A3EAF-D22B-45E5-BC7B-8C274C9AD765}.Debug|Any CPU.Build.0 = Debug|Any CPU
		{1E6A3EAF-D22B-45E5-BC7B-8C274C9AD765}.Release|Any CPU.ActiveCfg = Release|Any CPU
		{1E6A3EAF-D22B-45E5-BC7B-8C274C9AD765}.Release|Any CPU.Build.0 = Release|Any CPU
	EndGlobalSection
	GlobalSection(SolutionProperties) = preSolution
		HideSolutionNode = FALSE
	EndGlobalSection
	GlobalSection(ExtensibilityGlobals) = postSolution
		SolutionGuid = {E9B03355-BCB4-47CC-B93E-2896E18C6515}
	EndGlobalSection
EndGlobal
